
Microsoft Visual Studio Solution File, Format Version 12.00
# Visual Studio Version 17
VisualStudioVersion = 17.0.31611.283
MinimumVisualStudioVersion = 10.0.40219.1
Project("{9A19103F-16F7-4668-BE54-9A1E7A4F7556}") = "Waterfall", "Waterfall\Waterfall.csproj", "{26682F9B-A1BB-4CC3-AFE6-591B09F32334}"
EndProject
Project("{9A19103F-16F7-4668-BE54-9A1E7A4F7556}") = "Waterfall.UI", "Waterfall.UI\Waterfall.UI.csproj", "{F30890B7-B971-4A83-85F1-9E8AD35D0694}"
EndProject
Project("{9A19103F-16F7-4668-BE54-9A1E7A4F7556}") = "Waterfall.Core", "Waterfall.Core\Waterfall.Core.csproj", "{902BB77F-909F-4998-A27A-4FF6B40DA6AE}"
EndProject
Project("{8BC9CEB8-8B4A-11D0-8D11-00A0C91BC942}") = "Waterfall.UI.Backend", "Waterfall.UI.Backend\Waterfall.UI.Backend.vcxproj", "{A99F95AB-952E-1F75-3E4D-33702ABB2F1B}"
EndProject
Project("{2150E333-8FDC-42A3-9474-1A3956D46DE8}") = "Dependencies", "Dependencies", "{6AE5A19D-937B-4807-B514-CFAC068CA7D9}"
EndProject
Project("{8BC9CEB8-8B4A-11D0-8D11-00A0C91BC942}") = "Glad", "Dependencies\Glad\Glad.vcxproj", "{BDD6857C-A90D-870D-52FA-6C103E10030F}"
EndProject
Project("{8BC9CEB8-8B4A-11D0-8D11-00A0C91BC942}") = "GLFW", "Dependencies\GLFW\GLFW.vcxproj", "{154B857C-0182-860D-AA6E-6C109684020F}"
EndProject
Project("{8BC9CEB8-8B4A-11D0-8D11-00A0C91BC942}") = "ImGui", "Dependencies\imgui\ImGui.vcxproj", "{0098A80F-6CAC-D0C0-352E-7420A101CDF1}"
EndProject
Project("{FAE04EC0-301F-11D3-BF4B-00C04F79EFBC}") = "CompileUI", "Tools\CompileUI\CompileUI.csproj", "{22D59B6B-028D-4336-B1D6-1C599BB1E9DA}"
EndProject
Global
	GlobalSection(SolutionConfigurationPlatforms) = preSolution
		Debug|Any CPU = Debug|Any CPU
		Debug|x64 = Debug|x64
		Debug|x86 = Debug|x86
		Release|Any CPU = Release|Any CPU
		Release|x64 = Release|x64
		Release|x86 = Release|x86
	EndGlobalSection
	GlobalSection(ProjectConfigurationPlatforms) = postSolution
		{26682F9B-A1BB-4CC3-AFE6-591B09F32334}.Debug|Any CPU.ActiveCfg = Debug|Any CPU
		{26682F9B-A1BB-4CC3-AFE6-591B09F32334}.Debug|Any CPU.Build.0 = Debug|Any CPU
		{26682F9B-A1BB-4CC3-AFE6-591B09F32334}.Debug|x64.ActiveCfg = Debug|Any CPU
		{26682F9B-A1BB-4CC3-AFE6-591B09F32334}.Debug|x64.Build.0 = Debug|Any CPU
		{26682F9B-A1BB-4CC3-AFE6-591B09F32334}.Debug|x86.ActiveCfg = Debug|Any CPU
		{26682F9B-A1BB-4CC3-AFE6-591B09F32334}.Debug|x86.Build.0 = Debug|Any CPU
		{26682F9B-A1BB-4CC3-AFE6-591B09F32334}.Release|Any CPU.ActiveCfg = Release|Any CPU
		{26682F9B-A1BB-4CC3-AFE6-591B09F32334}.Release|Any CPU.Build.0 = Release|Any CPU
		{26682F9B-A1BB-4CC3-AFE6-591B09F32334}.Release|x64.ActiveCfg = Release|Any CPU
		{26682F9B-A1BB-4CC3-AFE6-591B09F32334}.Release|x64.Build.0 = Release|Any CPU
		{26682F9B-A1BB-4CC3-AFE6-591B09F32334}.Release|x86.ActiveCfg = Release|Any CPU
		{26682F9B-A1BB-4CC3-AFE6-591B09F32334}.Release|x86.Build.0 = Release|Any CPU
		{F30890B7-B971-4A83-85F1-9E8AD35D0694}.Debug|Any CPU.ActiveCfg = Debug|Any CPU
		{F30890B7-B971-4A83-85F1-9E8AD35D0694}.Debug|Any CPU.Build.0 = Debug|Any CPU
		{F30890B7-B971-4A83-85F1-9E8AD35D0694}.Debug|x64.ActiveCfg = Debug|Any CPU
		{F30890B7-B971-4A83-85F1-9E8AD35D0694}.Debug|x64.Build.0 = Debug|Any CPU
		{F30890B7-B971-4A83-85F1-9E8AD35D0694}.Debug|x86.ActiveCfg = Debug|Any CPU
		{F30890B7-B971-4A83-85F1-9E8AD35D0694}.Debug|x86.Build.0 = Debug|Any CPU
		{F30890B7-B971-4A83-85F1-9E8AD35D0694}.Release|Any CPU.ActiveCfg = Release|Any CPU
		{F30890B7-B971-4A83-85F1-9E8AD35D0694}.Release|Any CPU.Build.0 = Release|Any CPU
		{F30890B7-B971-4A83-85F1-9E8AD35D0694}.Release|x64.ActiveCfg = Release|Any CPU
		{F30890B7-B971-4A83-85F1-9E8AD35D0694}.Release|x64.Build.0 = Release|Any CPU
		{F30890B7-B971-4A83-85F1-9E8AD35D0694}.Release|x86.ActiveCfg = Release|Any CPU
		{F30890B7-B971-4A83-85F1-9E8AD35D0694}.Release|x86.Build.0 = Release|Any CPU
		{902BB77F-909F-4998-A27A-4FF6B40DA6AE}.Debug|Any CPU.ActiveCfg = Debug|Any CPU
		{902BB77F-909F-4998-A27A-4FF6B40DA6AE}.Debug|Any CPU.Build.0 = Debug|Any CPU
		{902BB77F-909F-4998-A27A-4FF6B40DA6AE}.Debug|x64.ActiveCfg = Debug|Any CPU
		{902BB77F-909F-4998-A27A-4FF6B40DA6AE}.Debug|x64.Build.0 = Debug|Any CPU
		{902BB77F-909F-4998-A27A-4FF6B40DA6AE}.Debug|x86.ActiveCfg = Debug|Any CPU
		{902BB77F-909F-4998-A27A-4FF6B40DA6AE}.Debug|x86.Build.0 = Debug|Any CPU
		{902BB77F-909F-4998-A27A-4FF6B40DA6AE}.Release|Any CPU.ActiveCfg = Release|Any CPU
		{902BB77F-909F-4998-A27A-4FF6B40DA6AE}.Release|Any CPU.Build.0 = Release|Any CPU
		{902BB77F-909F-4998-A27A-4FF6B40DA6AE}.Release|x64.ActiveCfg = Release|Any CPU
		{902BB77F-909F-4998-A27A-4FF6B40DA6AE}.Release|x64.Build.0 = Release|Any CPU
		{902BB77F-909F-4998-A27A-4FF6B40DA6AE}.Release|x86.ActiveCfg = Release|Any CPU
		{902BB77F-909F-4998-A27A-4FF6B40DA6AE}.Release|x86.Build.0 = Release|Any CPU
		{A99F95AB-952E-1F75-3E4D-33702ABB2F1B}.Debug|Any CPU.ActiveCfg = Debug|x64
		{A99F95AB-952E-1F75-3E4D-33702ABB2F1B}.Debug|Any CPU.Build.0 = Debug|x64
		{A99F95AB-952E-1F75-3E4D-33702ABB2F1B}.Debug|x64.ActiveCfg = Debug|x64
		{A99F95AB-952E-1F75-3E4D-33702ABB2F1B}.Debug|x64.Build.0 = Debug|x64
		{A99F95AB-952E-1F75-3E4D-33702ABB2F1B}.Debug|x86.ActiveCfg = Debug|Win32
		{A99F95AB-952E-1F75-3E4D-33702ABB2F1B}.Debug|x86.Build.0 = Debug|Win32
		{A99F95AB-952E-1F75-3E4D-33702ABB2F1B}.Release|Any CPU.ActiveCfg = Release|x64
		{A99F95AB-952E-1F75-3E4D-33702ABB2F1B}.Release|Any CPU.Build.0 = Release|x64
		{A99F95AB-952E-1F75-3E4D-33702ABB2F1B}.Release|x64.ActiveCfg = Release|x64
		{A99F95AB-952E-1F75-3E4D-33702ABB2F1B}.Release|x64.Build.0 = Release|x64
		{A99F95AB-952E-1F75-3E4D-33702ABB2F1B}.Release|x86.ActiveCfg = Release|Win32
		{A99F95AB-952E-1F75-3E4D-33702ABB2F1B}.Release|x86.Build.0 = Release|Win32
		{BDD6857C-A90D-870D-52FA-6C103E10030F}.Debug|Any CPU.ActiveCfg = Debug|x64
		{BDD6857C-A90D-870D-52FA-6C103E10030F}.Debug|Any CPU.Build.0 = Debug|x64
		{BDD6857C-A90D-870D-52FA-6C103E10030F}.Debug|x64.ActiveCfg = Debug|x64
		{BDD6857C-A90D-870D-52FA-6C103E10030F}.Debug|x64.Build.0 = Debug|x64
		{BDD6857C-A90D-870D-52FA-6C103E10030F}.Debug|x86.ActiveCfg = Debug|x64
		{BDD6857C-A90D-870D-52FA-6C103E10030F}.Debug|x86.Build.0 = Debug|x64
		{BDD6857C-A90D-870D-52FA-6C103E10030F}.Release|Any CPU.ActiveCfg = Release|x64
		{BDD6857C-A90D-870D-52FA-6C103E10030F}.Release|Any CPU.Build.0 = Release|x64
		{BDD6857C-A90D-870D-52FA-6C103E10030F}.Release|x64.ActiveCfg = Release|x64
		{BDD6857C-A90D-870D-52FA-6C103E10030F}.Release|x64.Build.0 = Release|x64
		{BDD6857C-A90D-870D-52FA-6C103E10030F}.Release|x86.ActiveCfg = Release|x64
		{BDD6857C-A90D-870D-52FA-6C103E10030F}.Release|x86.Build.0 = Release|x64
		{154B857C-0182-860D-AA6E-6C109684020F}.Debug|Any CPU.ActiveCfg = Debug|x64
		{154B857C-0182-860D-AA6E-6C109684020F}.Debug|Any CPU.Build.0 = Debug|x64
		{154B857C-0182-860D-AA6E-6C109684020F}.Debug|x64.ActiveCfg = Debug|x64
		{154B857C-0182-860D-AA6E-6C109684020F}.Debug|x64.Build.0 = Debug|x64
		{154B857C-0182-860D-AA6E-6C109684020F}.Debug|x86.ActiveCfg = Debug|x64
		{154B857C-0182-860D-AA6E-6C109684020F}.Debug|x86.Build.0 = Debug|x64
		{154B857C-0182-860D-AA6E-6C109684020F}.Release|Any CPU.ActiveCfg = Release|x64
		{154B857C-0182-860D-AA6E-6C109684020F}.Release|Any CPU.Build.0 = Release|x64
		{154B857C-0182-860D-AA6E-6C109684020F}.Release|x64.ActiveCfg = Release|x64
		{154B857C-0182-860D-AA6E-6C109684020F}.Release|x64.Build.0 = Release|x64
		{154B857C-0182-860D-AA6E-6C109684020F}.Release|x86.ActiveCfg = Release|x64
		{154B857C-0182-860D-AA6E-6C109684020F}.Release|x86.Build.0 = Release|x64
		{0098A80F-6CAC-D0C0-352E-7420A101CDF1}.Debug|Any CPU.ActiveCfg = Debug|x64
		{0098A80F-6CAC-D0C0-352E-7420A101CDF1}.Debug|Any CPU.Build.0 = Debug|x64
		{0098A80F-6CAC-D0C0-352E-7420A101CDF1}.Debug|x64.ActiveCfg = Debug|x64
		{0098A80F-6CAC-D0C0-352E-7420A101CDF1}.Debug|x64.Build.0 = Debug|x64
		{0098A80F-6CAC-D0C0-352E-7420A101CDF1}.Debug|x86.ActiveCfg = Debug|x64
		{0098A80F-6CAC-D0C0-352E-7420A101CDF1}.Debug|x86.Build.0 = Debug|x64
		{0098A80F-6CAC-D0C0-352E-7420A101CDF1}.Release|Any CPU.ActiveCfg = Release|x64
		{0098A80F-6CAC-D0C0-352E-7420A101CDF1}.Release|Any CPU.Build.0 = Release|x64
		{0098A80F-6CAC-D0C0-352E-7420A101CDF1}.Release|x64.ActiveCfg = Release|x64
		{0098A80F-6CAC-D0C0-352E-7420A101CDF1}.Release|x64.Build.0 = Release|x64
		{0098A80F-6CAC-D0C0-352E-7420A101CDF1}.Release|x86.ActiveCfg = Release|x64
		{0098A80F-6CAC-D0C0-352E-7420A101CDF1}.Release|x86.Build.0 = Release|x64
		{22D59B6B-028D-4336-B1D6-1C599BB1E9DA}.Debug|Any CPU.ActiveCfg = Debug|Any CPU
		{22D59B6B-028D-4336-B1D6-1C599BB1E9DA}.Debug|Any CPU.Build.0 = Debug|Any CPU
		{22D59B6B-028D-4336-B1D6-1C599BB1E9DA}.Debug|x64.ActiveCfg = Debug|Any CPU
		{22D59B6B-028D-4336-B1D6-1C599BB1E9DA}.Debug|x64.Build.0 = Debug|Any CPU
		{22D59B6B-028D-4336-B1D6-1C599BB1E9DA}.Debug|x86.ActiveCfg = Debug|Any CPU
		{22D59B6B-028D-4336-B1D6-1C599BB1E9DA}.Debug|x86.Build.0 = Debug|Any CPU
		{22D59B6B-028D-4336-B1D6-1C599BB1E9DA}.Release|Any CPU.ActiveCfg = Release|Any CPU
		{22D59B6B-028D-4336-B1D6-1C599BB1E9DA}.Release|Any CPU.Build.0 = Release|Any CPU
		{22D59B6B-028D-4336-B1D6-1C599BB1E9DA}.Release|x64.ActiveCfg = Release|Any CPU
		{22D59B6B-028D-4336-B1D6-1C599BB1E9DA}.Release|x64.Build.0 = Release|Any CPU
		{22D59B6B-028D-4336-B1D6-1C599BB1E9DA}.Release|x86.ActiveCfg = Release|Any CPU
		{22D59B6B-028D-4336-B1D6-1C599BB1E9DA}.Release|x86.Build.0 = Release|Any CPU
	EndGlobalSection
	GlobalSection(SolutionProperties) = preSolution
		HideSolutionNode = FALSE
	EndGlobalSection
	GlobalSection(NestedProjects) = preSolution
		{BDD6857C-A90D-870D-52FA-6C103E10030F} = {6AE5A19D-937B-4807-B514-CFAC068CA7D9}
		{154B857C-0182-860D-AA6E-6C109684020F} = {6AE5A19D-937B-4807-B514-CFAC068CA7D9}
		{0098A80F-6CAC-D0C0-352E-7420A101CDF1} = {6AE5A19D-937B-4807-B514-CFAC068CA7D9}
	EndGlobalSection
	GlobalSection(ExtensibilityGlobals) = postSolution
		SolutionGuid = {61F7FB11-1E47-470C-91E2-47F8143E1572}
	EndGlobalSection
EndGlobal
